github.com/choonsiong/golib/v2 v2.1.2 h1:hEZb/vFLzXTag9Fwr99TmfS9sUogMtsUVRfFGFnRTj0=
github.com/choonsiong/golib/v2 v2.1.2/go.mod h1:IUzM9lhmQOSQMJ5te6QmEzpd9yJKz/3J5tnUHyKFFvQ=
github.com/choonsiong/golib/v2 v2.4.1 h1:5Xq/V0uFhkFmixgC1Di4IRvjs4pDTsAZ3eAdzvYe1k8=
github.com/choonsiong/golib/v2 v2.4.1/go.mod h1:xiMbc6swGhiwf22uL+vRomscvFN0yI90BmZKXceTrtY=
